
Microsoft Visual Studio Solution File, Format Version 12.00
# Visual Studio 15
VisualStudioVersion = 15.0.26124.0
MinimumVisualStudioVersion = 15.0.26124.0
Project("{FAE04EC0-301F-11D3-BF4B-00C04F79EFBC}") = "Paylocity.Poc.WorkerAsync.Cdk", "src\Paylocity.Poc.WorkerAsync.Cdk\Paylocity.Poc.WorkerAsync.Cdk.csproj", "{05CC581E-05B6-4E0C-BEE2-395DB6CA38FB}"
EndProject
Project("{FAE04EC0-301F-11D3-BF4B-00C04F79EFBC}") = "Paylocity.Poc.WorkerAsync.App", "src\Paylocity.Poc.WorkerAsync.App\Paylocity.Poc.WorkerAsync.App.csproj", "{47B02DB3-98A2-4548-A7B6-820D6B151B79}"
EndProject
Global
	GlobalSection(SolutionConfigurationPlatforms) = preSolution
		Debug|Any CPU = Debug|Any CPU
		Debug|x64 = Debug|x64
		Debug|x86 = Debug|x86
		Release|Any CPU = Release|Any CPU
		Release|x64 = Release|x64
		Release|x86 = Release|x86
	EndGlobalSection
	GlobalSection(SolutionProperties) = preSolution
		HideSolutionNode = FALSE
	EndGlobalSection
	GlobalSection(ProjectConfigurationPlatforms) = postSolution
		{05CC581E-05B6-4E0C-BEE2-395DB6CA38FB}.Debug|Any CPU.ActiveCfg = Debug|Any CPU
		{05CC581E-05B6-4E0C-BEE2-395DB6CA38FB}.Debug|Any CPU.Build.0 = Debug|Any CPU
		{05CC581E-05B6-4E0C-BEE2-395DB6CA38FB}.Debug|x64.ActiveCfg = Debug|Any CPU
		{05CC581E-05B6-4E0C-BEE2-395DB6CA38FB}.Debug|x64.Build.0 = Debug|Any CPU
		{05CC581E-05B6-4E0C-BEE2-395DB6CA38FB}.Debug|x86.ActiveCfg = Debug|Any CPU
		{05CC581E-05B6-4E0C-BEE2-395DB6CA38FB}.Debug|x86.Build.0 = Debug|Any CPU
		{05CC581E-05B6-4E0C-BEE2-395DB6CA38FB}.Release|Any CPU.ActiveCfg = Release|Any CPU
		{05CC581E-05B6-4E0C-BEE2-395DB6CA38FB}.Release|Any CPU.Build.0 = Release|Any CPU
		{05CC581E-05B6-4E0C-BEE2-395DB6CA38FB}.Release|x64.ActiveCfg = Release|Any CPU
		{05CC581E-05B6-4E0C-BEE2-395DB6CA38FB}.Release|x64.Build.0 = Release|Any CPU
		{05CC581E-05B6-4E0C-BEE2-395DB6CA38FB}.Release|x86.ActiveCfg = Release|Any CPU
		{05CC581E-05B6-4E0C-BEE2-395DB6CA38FB}.Release|x86.Build.0 = Release|Any CPU
		{47B02DB3-98A2-4548-A7B6-820D6B151B79}.Debug|Any CPU.ActiveCfg = Debug|Any CPU
		{47B02DB3-98A2-4548-A7B6-820D6B151B79}.Debug|Any CPU.Build.0 = Debug|Any CPU
		{47B02DB3-98A2-4548-A7B6-820D6B151B79}.Debug|x64.ActiveCfg = Debug|Any CPU
		{47B02DB3-98A2-4548-A7B6-820D6B151B79}.Debug|x64.Build.0 = Debug|Any CPU
		{47B02DB3-98A2-4548-A7B6-820D6B151B79}.Debug|x86.ActiveCfg = Debug|Any CPU
		{47B02DB3-98A2-4548-A7B6-820D6B151B79}.Debug|x86.Build.0 = Debug|Any CPU
		{47B02DB3-98A2-4548-A7B6-820D6B151B79}.Release|Any CPU.ActiveCfg = Release|Any CPU
		{47B02DB3-98A2-4548-A7B6-820D6B151B79}.Release|Any CPU.Build.0 = Release|Any CPU
		{47B02DB3-98A2-4548-A7B6-820D6B151B79}.Release|x64.ActiveCfg = Release|Any CPU
		{47B02DB3-98A2-4548-A7B6-820D6B151B79}.Release|x64.Build.0 = Release|Any CPU
		{47B02DB3-98A2-4548-A7B6-820D6B151B79}.Release|x86.ActiveCfg = Release|Any CPU
		{47B02DB3-98A2-4548-A7B6-820D6B151B79}.Release|x86.Build.0 = Release|Any CPU
	EndGlobalSection
EndGlobal
